// !$*UTF8*$!
{
	archiveVersion = 1;
	classes = {
	};
	objectVersion = 46;
	objects = {

/* Begin PBXBuildFile section */
		F0AB90A41CF373B100DD0852 /* main.m in Sources */ = {isa = PBXBuildFile; fileRef = F0AB90A31CF373B100DD0852 /* main.m */; };
		F0AB90A71CF373B100DD0852 /* AppDelegate.m in Sources */ = {isa = PBXBuildFile; fileRef = F0AB90A61CF373B100DD0852 /* AppDelegate.m */; };
		F0AB90AA1CF373B100DD0852 /* ViewController.m in Sources */ = {isa = PBXBuildFile; fileRef = F0AB90A91CF373B100DD0852 /* ViewController.m */; };
		F0AB90AD1CF373B100DD0852 /* Main.storyboard in Resources */ = {isa = PBXBuildFile; fileRef = F0AB90AB1CF373B100DD0852 /* Main.storyboard */; };
		F0AB90AF1CF373B100DD0852 /* Assets.xcassets in Resources */ = {isa = PBXBuildFile; fileRef = F0AB90AE1CF373B100DD0852 /* Assets.xcassets */; };
		F0AB90B21CF373B100DD0852 /* LaunchScreen.storyboard in Resources */ = {isa = PBXBuildFile; fileRef = F0AB90B01CF373B100DD0852 /* LaunchScreen.storyboard */; };
		F0AB90BB1CF374F400DD0852 /* Card.m in Sources */ = {isa = PBXBuildFile; fileRef = F0AB90BA1CF374F400DD0852 /* Card.m */; };
/* End PBXBuildFile section */

/* Begin PBXFileReference section */
		F0AB909F1CF373B100DD0852 /* GVTraining01.app */ = {isa = PBXFileReference; explicitFileType = wrapper.application; includeInIndex = 0; path = GVTraining01.app; sourceTree = BUILT_PRODUCTS_DIR; };
		F0AB90A31CF373B100DD0852 /* main.m */ = {isa = PBXFileReference; lastKnownFileType = sourcecode.c.objc; path = main.m; sourceTree = "<group>"; };
		F0AB90A51CF373B100DD0852 /* AppDelegate.h */ = {isa = PBXFileReference; lastKnownFileType = sourcecode.c.h; path = AppDelegate.h; sourceTree = "<group>"; };
		F0AB90A61CF373B100DD0852 /* AppDelegate.m */ = {isa = PBXFileReference; lastKnownFileType = sourcecode.c.objc; path = AppDelegate.m; sourceTree = "<group>"; };
		F0AB90A81CF373B100DD0852 /* ViewController.h */ = {isa = PBXFileReference; lastKnownFileType = sourcecode.c.h; path = ViewController.h; sourceTree = "<group>"; };
		F0AB90A91CF373B100DD0852 /* ViewController.m */ = {isa = PBXFileReference; lastKnownFileType = sourcecode.c.objc; path = ViewController.m; sourceTree = "<group>"; };
		F0AB90AC1CF373B100DD0852 /* Base */ = {isa = PBXFileReference; lastKnownFileType = file.storyboard; name = Base; path = Base.lproj/Main.storyboard; sourceTree = "<group>"; };
		F0AB90AE1CF373B100DD0852 /* Assets.xcassets */ = {isa = PBXFileReference; lastKnownFileType = folder.assetcatalog; path = Assets.xcassets; sourceTree = "<group>"; };
		F0AB90B11CF373B100DD0852 /* Base */ = {isa = PBXFileReference; lastKnownFileType = file.storyboard; name = Base; path = Base.lproj/LaunchScreen.storyboard; sourceTree = "<group>"; };
		F0AB90B31CF373B100DD0852 /* Info.plist */ = {isa = PBXFileReference; lastKnownFileType = text.plist.xml; path = Info.plist; sourceTree = "<group>"; };
		F0AB90B91CF374F400DD0852 /* Card.h */ = {isa = PBXFileReference; fileEncoding = 4; lastKnownFileType = sourcecode.c.h; path = Card.h; sourceTree = "<group>"; };
		F0AB90BA1CF374F400DD0852 /* Card.m */ = {isa = PBXFileReference; fileEncoding = 4; lastKnownFileType = sourcecode.c.objc; path = Card.m; sourceTree = "<group>"; };
/* End PBXFileReference section */

/* Begin PBXFrameworksBuildPhase section */
		F0AB909C1CF373B100DD0852 /* Frameworks */ = {
			isa = PBXFrameworksBuildPhase;
			buildActionMask = 2147483647;
			files = (
			);
			runOnlyForDeploymentPostprocessing = 0;
		};
/* End PBXFrameworksBuildPhase section */

/* Begin PBXGroup section */
		F0AB90961CF373B000DD0852 = {
			isa = PBXGroup;
			children = (
				F0AB90A11CF373B100DD0852 /* GVTraining01 */,
				F0AB90A01CF373B100DD0852 /* Products */,
			);
			sourceTree = "<group>";
		};
		F0AB90A01CF373B100DD0852 /* Products */ = {
			isa = PBXGroup;
			children = (
				F0AB909F1CF373B100DD0852 /* GVTraining01.app */,
			);
			name = Products;
			sourceTree = "<group>";
		};
		F0AB90A11CF373B100DD0852 /* GVTraining01 */ = {
			isa = PBXGroup;
			children = (
				F0AB90A51CF373B100DD0852 /* AppDelegate.h */,
				F0AB90A61CF373B100DD0852 /* AppDelegate.m */,
				F0AB90AE1CF373B100DD0852 /* Assets.xcassets */,
				F0AB90B91CF374F400DD0852 /* Card.h */,
				F0AB90BA1CF374F400DD0852 /* Card.m */,
				F0AB90B31CF373B100DD0852 /* Info.plist */,
				F0AB90B01CF373B100DD0852 /* LaunchScreen.storyboard */,
				F0AB90AB1CF373B100DD0852 /* Main.storyboard */,
				F0AB90A21CF373B100DD0852 /* Supporting Files */,
				F0AB90A81CF373B100DD0852 /* ViewController.h */,
				F0AB90A91CF373B100DD0852 /* ViewController.m */,
			);
			path = GVTraining01;
			sourceTree = "<group>";
		};
		F0AB90A21CF373B100DD0852 /* Supporting Files */ = {
			isa = PBXGroup;
			children = (
				F0AB90A31CF373B100DD0852 /* main.m */,
			);
			name = "Supporting Files";
			sourceTree = "<group>";
		};
/* End PBXGroup section */

/* Begin PBXNativeTarget section */
		F0AB909E1CF373B100DD0852 /* GVTraining01 */ = {
			isa = PBXNativeTarget;
			buildConfigurationList = F0AB90B61CF373B100DD0852 /* Build configuration list for PBXNativeTarget "GVTraining01" */;
			buildPhases = (
				F0AB909B1CF373B100DD0852 /* Sources */,
				F0AB909C1CF373B100DD0852 /* Frameworks */,
				F0AB909D1CF373B100DD0852 /* Resources */,
			);
			buildRules = (
			);
			dependencies = (
			);
			name = GVTraining01;
			productName = GVTraining01;
			productReference = F0AB909F1CF373B100DD0852 /* GVTraining01.app */;
			productType = "com.apple.product-type.application";
		};
/* End PBXNativeTarget section */

/* Begin PBXProject section */
		F0AB90971CF373B000DD0852 /* Project object */ = {
			isa = PBXProject;
			attributes = {
				LastUpgradeCheck = 0730;
				ORGANIZATIONNAME = "Guichê Virtual";
				TargetAttributes = {
					F0AB909E1CF373B100DD0852 = {
						CreatedOnToolsVersion = 7.3.1;
					};
				};
			};
			buildConfigurationList = F0AB909A1CF373B000DD0852 /* Build configuration list for PBXProject "GVTraining01" */;
			compatibilityVersion = "Xcode 3.2";
			developmentRegion = English;
			hasScannedForEncodings = 0;
			knownRegions = (
				en,
				Base,
			);
			mainGroup = F0AB90961CF373B000DD0852;
			productRefGroup = F0AB90A01CF373B100DD0852 /* Products */;
			projectDirPath = "";
			projectRoot = "";
			targets = (
				F0AB909E1CF373B100DD0852 /* GVTraining01 */,
			);
		};
/* End PBXProject section */

/* Begin PBXResourcesBuildPhase section */
		F0AB909D1CF373B100DD0852 /* Resources */ = {
			isa = PBXResourcesBuildPhase;
			buildActionMask = 2147483647;
			files = (
				F0AB90B21CF373B100DD0852 /* LaunchScreen.storyboard in Resources */,
				F0AB90AF1CF373B100DD0852 /* Assets.xcassets in Resources */,
				F0AB90AD1CF373B100DD0852 /* Main.storyboard in Resources */,
			);
			runOnlyForDeploymentPostprocessing = 0;
		};
/* End PBXResourcesBuildPhase section */

/* Begin PBXSourcesBuildPhase section */
		F0AB909B1CF373B100DD0852 /* Sources */ = {
			isa = PBXSourcesBuildPhase;
			buildActionMask = 2147483647;
			files = (
				F0AB90AA1CF373B100DD0852 /* ViewController.m in Sources */,
				F0AB90A71CF373B100DD0852 /* AppDelegate.m in Sources */,
				F0AB90A41CF373B100DD0852 /* main.m in Sources */,
				F0AB90BB1CF374F400DD0852 /* Card.m in Sources */,
			);
			runOnlyForDeploymentPostprocessing = 0;
		};
/* End PBXSourcesBuildPhase section */

/* Begin PBXVariantGroup section */
		F0AB90AB1CF373B100DD0852 /* Main.storyboard */ = {
			isa = PBXVariantGroup;
			children = (
				F0AB90AC1CF373B100DD0852 /* Base */,
			);
			name = Main.storyboard;
			sourceTree = "<group>";
		};
		F0AB90B01CF373B100DD0852 /* LaunchScreen.storyboard */ = {
			isa = PBXVariantGroup;
			children = (
				F0AB90B11CF373B100DD0852 /* Base */,
			);
			name = LaunchScreen.storyboard;
			sourceTree = "<group>";
		};
/* End PBXVariantGroup section */

/* Begin XCBuildConfiguration section */
		F0AB90B41CF373B100DD0852 /* Debug */ = {
			isa = XCBuildConfiguration;
			buildSettings = {
				ALWAYS_SEARCH_USER_PATHS = NO;
				CLANG_ANALYZER_NONNULL = YES;
				CLANG_CXX_LANGUAGE_STANDARD = "gnu++0x";
				CLANG_CXX_LIBRARY = "libc++";
				CLANG_ENABLE_MODULES = YES;
				CLANG_ENABLE_OBJC_ARC = YES;
				CLANG_WARN_BOOL_CONVERSION = YES;
				CLANG_WARN_CONSTANT_CONVERSION = YES;
				CLANG_WARN_DIRECT_OBJC_ISA_USAGE = YES_ERROR;
				CLANG_WARN_EMPTY_BODY = YES;
				CLANG_WARN_ENUM_CONVERSION = YES;
				CLANG_WARN_INT_CONVERSION = YES;
				CLANG_WARN_OBJC_ROOT_CLASS = YES_ERROR;
				CLANG_WARN_UNREACHABLE_CODE = YES;
				CLANG_WARN__DUPLICATE_METHOD_MATCH = YES;
				"CODE_SIGN_IDENTITY[sdk=iphoneos*]" = "iPhone Developer";
				COPY_PHASE_STRIP = NO;
				DEBUG_INFORMATION_FORMAT = dwarf;
				ENABLE_STRICT_OBJC_MSGSEND = YES;
				ENABLE_TESTABILITY = YES;
				GCC_C_LANGUAGE_STANDARD = gnu99;
				GCC_DYNAMIC_NO_PIC = NO;
				GCC_NO_COMMON_BLOCKS = YES;
				GCC_OPTIMIZATION_LEVEL = 0;
				GCC_PREPROCESSOR_DEFINITIONS = (
					"DEBUG=1",
					"$(inherited)",
				);
				GCC_WARN_64_TO_32_BIT_CONVERSION = YES;
				GCC_WARN_ABOUT_RETURN_TYPE = YES_ERROR;
				GCC_WARN_UNDECLARED_SELECTOR = YES;
				GCC_WARN_UNINITIALIZED_AUTOS = YES_AGGRESSIVE;
				GCC_WARN_UNUSED_FUNCTION = YES;
				GCC_WARN_UNUSED_VARIABLE = YES;
				IPHONEOS_DEPLOYMENT_TARGET = 9.3;
				MTL_ENABLE_DEBUG_INFO = YES;
				ONLY_ACTIVE_ARCH = YES;
				SDKROOT = iphoneos;
				TARGETED_DEVICE_FAMILY = "1,2";
			};
			name = Debug;
		};
		F0AB90B51CF373B100DD0852 /* Release */ = {
			isa = XCBuildConfiguration;
			buildSettings = {
				ALWAYS_SEARCH_USER_PATHS = NO;
				CLANG_ANALYZER_NONNULL = YES;
				CLANG_CXX_LANGUAGE_STANDARD = "gnu++0x";
				CLANG_CXX_LIBRARY = "libc++";
				CLANG_ENABLE_MODULES = YES;
				CLANG_ENABLE_OBJC_ARC = YES;
				CLANG_WARN_BOOL_CONVERSION = YES;
				CLANG_WARN_CONSTANT_CONVERSION = YES;
				CLANG_WARN_DIRECT_OBJC_ISA_USAGE = YES_ERROR;
				CLANG_WARN_EMPTY_BODY = YES;
				CLANG_WARN_ENUM_CONVERSION = YES;
				CLANG_WARN_INT_CONVERSION = YES;
				CLANG_WARN_OBJC_ROOT_CLASS = YES_ERROR;
				CLANG_WARN_UNREACHABLE_CODE = YES;
				CLANG_WARN__DUPLICATE_METHOD_MATCH = YES;
				"CODE_SIGN_IDENTITY[sdk=iphoneos*]" = "iPhone Developer";
				COPY_PHASE_STRIP = NO;
				DEBUG_INFORMATION_FORMAT = "dwarf-with-dsym";
				ENABLE_NS_ASSERTIONS = NO;
				ENABLE_STRICT_OBJC_MSGSEND = YES;
				GCC_C_LANGUAGE_STANDARD = gnu99;
				GCC_NO_COMMON_BLOCKS = YES;
				GCC_WARN_64_TO_32_BIT_CONVERSION = YES;
				GCC_WARN_ABOUT_RETURN_TYPE = YES_ERROR;
				GCC_WARN_UNDECLARED_SELECTOR = YES;
				GCC_WARN_UNINITIALIZED_AUTOS = YES_AGGRESSIVE;
				GCC_WARN_UNUSED_FUNCTION = YES;
				GCC_WARN_UNUSED_VARIABLE = YES;
				IPHONEOS_DEPLOYMENT_TARGET = 9.3;
				MTL_ENABLE_DEBUG_INFO = NO;
				SDKROOT = iphoneos;
				TARGETED_DEVICE_FAMILY = "1,2";
				VALIDATE_PRODUCT = YES;
			};
			name = Release;
		};
		F0AB90B71CF373B100DD0852 /* Debug */ = {
			isa = XCBuildConfiguration;
			buildSettings = {
				ASSETCATALOG_COMPILER_APPICON_NAME = AppIcon;
				INFOPLIST_FILE = GVTraining01/Info.plist;
				LD_RUNPATH_SEARCH_PATHS = "$(inherited) @executable_path/Frameworks";
				PRODUCT_BUNDLE_IDENTIFIER = com.guichevirtual.GVTraining01;
				PRODUCT_NAME = "$(TARGET_NAME)";
			};
			name = Debug;
		};
		F0AB90B81CF373B100DD0852 /* Release */ = {
			isa = XCBuildConfiguration;
			buildSettings = {
				ASSETCATALOG_COMPILER_APPICON_NAME = AppIcon;
				INFOPLIST_FILE = GVTraining01/Info.plist;
				LD_RUNPATH_SEARCH_PATHS = "$(inherited) @executable_path/Frameworks";
				PRODUCT_BUNDLE_IDENTIFIER = com.guichevirtual.GVTraining01;
				PRODUCT_NAME = "$(TARGET_NAME)";
			};
			name = Release;
		};
/* End XCBuildConfiguration section */

/* Begin XCConfigurationList section */
		F0AB909A1CF373B000DD0852 /* Build configuration list for PBXProject "GVTraining01" */ = {
			isa = XCConfigurationList;
			buildConfigurations = (
				F0AB90B41CF373B100DD0852 /* Debug */,
				F0AB90B51CF373B100DD0852 /* Release */,
			);
			defaultConfigurationIsVisible = 0;
			defaultConfigurationName = Release;
		};
		F0AB90B61CF373B100DD0852 /* Build configuration list for PBXNativeTarget "GVTraining01" */ = {
			isa = XCConfigurationList;
			buildConfigurations = (
				F0AB90B71CF373B100DD0852 /* Debug */,
				F0AB90B81CF373B100DD0852 /* Release */,
			);
			defaultConfigurationIsVisible = 0;
			defaultConfigurationName = Release;
		};
/* End XCConfigurationList section */
	};
	rootObject = F0AB90971CF373B000DD0852 /* Project object */;
}
